
Microsoft Visual Studio Solution File, Format Version 12.00
# Visual Studio 14
VisualStudioVersion = 14.0.25420.1
MinimumVisualStudioVersion = 10.0.40219.1
Project("{FAE04EC0-301F-11D3-BF4B-00C04F79EFBC}") = "UNIFACISA.SI.DotNet.PrimeiroProjeto.Web", "UNIFACISA.SI.DotNet.PrimeiroProjeto.Web\UNIFACISA.SI.DotNet.PrimeiroProjeto.Web.csproj", "{19AF2F56-24B7-4202-BDE6-C61DEDC6331B}"
EndProject
Project("{FAE04EC0-301F-11D3-BF4B-00C04F79EFBC}") = "UNIFACISA.SI.DotNet.PrimeiroProjeto.Negocios", "UNIFACISA.SI.DotNet.PrimeiroProjeto.Negocios\UNIFACISA.SI.DotNet.PrimeiroProjeto.Negocios.csproj", "{4BFD4BD5-45B2-4D02-A9CF-507038513C71}"
EndProject
Project("{FAE04EC0-301F-11D3-BF4B-00C04F79EFBC}") = "UNIFACISA.SI.DotNet.PrimeiroProjeto.Dados", "UNIFACISA.SI.DotNet.PrimeiroProjeto.Dados\UNIFACISA.SI.DotNet.PrimeiroProjeto.Dados.csproj", "{40AAABA2-525E-488A-946C-3361DE639413}"
EndProject
Global
	GlobalSection(SolutionConfigurationPlatforms) = preSolution
		Debug|Any CPU = Debug|Any CPU
		Release|Any CPU = Release|Any CPU
	EndGlobalSection
	GlobalSection(ProjectConfigurationPlatforms) = postSolution
		{19AF2F56-24B7-4202-BDE6-C61DEDC6331B}.Debug|Any CPU.ActiveCfg = Debug|Any CPU
		{19AF2F56-24B7-4202-BDE6-C61DEDC6331B}.Debug|Any CPU.Build.0 = Debug|Any CPU
		{19AF2F56-24B7-4202-BDE6-C61DEDC6331B}.Release|Any CPU.ActiveCfg = Release|Any CPU
		{19AF2F56-24B7-4202-BDE6-C61DEDC6331B}.Release|Any CPU.Build.0 = Release|Any CPU
		{4BFD4BD5-45B2-4D02-A9CF-507038513C71}.Debug|Any CPU.ActiveCfg = Debug|Any CPU
		{4BFD4BD5-45B2-4D02-A9CF-507038513C71}.Debug|Any CPU.Build.0 = Debug|Any CPU
		{4BFD4BD5-45B2-4D02-A9CF-507038513C71}.Release|Any CPU.ActiveCfg = Release|Any CPU
		{4BFD4BD5-45B2-4D02-A9CF-507038513C71}.Release|Any CPU.Build.0 = Release|Any CPU
		{40AAABA2-525E-488A-946C-3361DE639413}.Debug|Any CPU.ActiveCfg = Debug|Any CPU
		{40AAABA2-525E-488A-946C-3361DE639413}.Debug|Any CPU.Build.0 = Debug|Any CPU
		{40AAABA2-525E-488A-946C-3361DE639413}.Release|Any CPU.ActiveCfg = Release|Any CPU
		{40AAABA2-525E-488A-946C-3361DE639413}.Release|Any CPU.Build.0 = Release|Any CPU
	EndGlobalSection
	GlobalSection(SolutionProperties) = preSolution
		HideSolutionNode = FALSE
	EndGlobalSection
EndGlobal
